// !$*UTF8*$!
{
	archiveVersion = 1;
	classes = {
	};
	objectVersion = 77;
	objects = {

/* Begin PBXContainerItemProxy section */
		13C37DE62DF9D0D1001BF95F /* PBXContainerItemProxy */ = {
			isa = PBXContainerItemProxy;
			containerPortal = 13C37DCE2DF9D0D0001BF95F /* Project object */;
			proxyType = 1;
			remoteGlobalIDString = 13C37DD52DF9D0D0001BF95F;
			remoteInfo = SanGo;
		};
		13C37DF02DF9D0D1001BF95F /* PBXContainerItemProxy */ = {
			isa = PBXContainerItemProxy;
			containerPortal = 13C37DCE2DF9D0D0001BF95F /* Project object */;
			proxyType = 1;
			remoteGlobalIDString = 13C37DD52DF9D0D0001BF95F;
			remoteInfo = SanGo;
		};
/* End PBXContainerItemProxy section */

/* Begin PBXFileReference section */
		13C37DD62DF9D0D0001BF95F /* SanGo.app */ = {isa = PBXFileReference; explicitFileType = wrapper.application; includeInIndex = 0; path = SanGo.app; sourceTree = BUILT_PRODUCTS_DIR; };
		13C37DE52DF9D0D1001BF95F /* SanGoTests.xctest */ = {isa = PBXFileReference; explicitFileType = wrapper.cfbundle; includeInIndex = 0; path = SanGoTests.xctest; sourceTree = BUILT_PRODUCTS_DIR; };
		13C37DEF2DF9D0D1001BF95F /* SanGoUITests.xctest */ = {isa = PBXFileReference; explicitFileType = wrapper.cfbundle; includeInIndex = 0; path = SanGoUITests.xctest; sourceTree = BUILT_PRODUCTS_DIR; };
/* End PBXFileReference section */

/* Begin PBXFileSystemSynchronizedRootGroup section */
		13C37DD82DF9D0D0001BF95F /* SanGo */ = {
			isa = PBXFileSystemSynchronizedRootGroup;
			path = SanGo;
			sourceTree = "<group>";
		};
		13C37DE82DF9D0D1001BF95F /* SanGoTests */ = {
			isa = PBXFileSystemSynchronizedRootGroup;
			path = SanGoTests;
			sourceTree = "<group>";
		};
		13C37DF22DF9D0D1001BF95F /* SanGoUITests */ = {
			isa = PBXFileSystemSynchronizedRootGroup;
			path = SanGoUITests;
			sourceTree = "<group>";
		};
/* End PBXFileSystemSynchronizedRootGroup section */

/* Begin PBXFrameworksBuildPhase section */
		13C37DD32DF9D0D0001BF95F /* Frameworks */ = {
			isa = PBXFrameworksBuildPhase;
			buildActionMask = 2147483647;
			files = (
			);
			runOnlyForDeploymentPostprocessing = 0;
		};
		13C37DE22DF9D0D1001BF95F /* Frameworks */ = {
			isa = PBXFrameworksBuildPhase;
			buildActionMask = 2147483647;
			files = (
			);
			runOnlyForDeploymentPostprocessing = 0;
		};
		13C37DEC2DF9D0D1001BF95F /* Frameworks */ = {
			isa = PBXFrameworksBuildPhase;
			buildActionMask = 2147483647;
			files = (
			);
			runOnlyForDeploymentPostprocessing = 0;
		};
/* End PBXFrameworksBuildPhase section */

/* Begin PBXGroup section */
		13C37DCD2DF9D0D0001BF95F = {
			isa = PBXGroup;
			children = (
				13C37DD82DF9D0D0001BF95F /* SanGo */,
				13C37DE82DF9D0D1001BF95F /* SanGoTests */,
				13C37DF22DF9D0D1001BF95F /* SanGoUITests */,
				13C37DD72DF9D0D0001BF95F /* Products */,
			);
			sourceTree = "<group>";
		};
		13C37DD72DF9D0D0001BF95F /* Products */ = {
			isa = PBXGroup;
			children = (
				13C37DD62DF9D0D0001BF95F /* SanGo.app */,
				13C37DE52DF9D0D1001BF95F /* SanGoTests.xctest */,
				13C37DEF2DF9D0D1001BF95F /* SanGoUITests.xctest */,
			);
			name = Products;
			sourceTree = "<group>";
		};
/* End PBXGroup section */

/* Begin PBXNativeTarget section */
		13C37DD52DF9D0D0001BF95F /* SanGo */ = {
			isa = PBXNativeTarget;
			buildConfigurationList = 13C37DF92DF9D0D1001BF95F /* Build configuration list for PBXNativeTarget "SanGo" */;
			buildPhases = (
				13C37DD22DF9D0D0001BF95F /* Sources */,
				13C37DD32DF9D0D0001BF95F /* Frameworks */,
				13C37DD42DF9D0D0001BF95F /* Resources */,
			);
			buildRules = (
			);
			dependencies = (
			);
			fileSystemSynchronizedGroups = (
				13C37DD82DF9D0D0001BF95F /* SanGo */,
			);
			name = SanGo;
			packageProductDependencies = (
			);
			productName = SanGo;
			productReference = 13C37DD62DF9D0D0001BF95F /* SanGo.app */;
			productType = "com.apple.product-type.application";
		};
		13C37DE42DF9D0D1001BF95F /* SanGoTests */ = {
			isa = PBXNativeTarget;
			buildConfigurationList = 13C37DFC2DF9D0D1001BF95F /* Build configuration list for PBXNativeTarget "SanGoTests" */;
			buildPhases = (
				13C37DE12DF9D0D1001BF95F /* Sources */,
				13C37DE22DF9D0D1001BF95F /* Frameworks */,
				13C37DE32DF9D0D1001BF95F /* Resources */,
			);
			buildRules = (
			);
			dependencies = (
				13C37DE72DF9D0D1001BF95F /* PBXTargetDependency */,
			);
			fileSystemSynchronizedGroups = (
				13C37DE82DF9D0D1001BF95F /* SanGoTests */,
			);
			name = SanGoTests;
			packageProductDependencies = (
			);
			productName = SanGoTests;
			productReference = 13C37DE52DF9D0D1001BF95F /* SanGoTests.xctest */;
			productType = "com.apple.product-type.bundle.unit-test";
		};
		13C37DEE2DF9D0D1001BF95F /* SanGoUITests */ = {
			isa = PBXNativeTarget;
			buildConfigurationList = 13C37DFF2DF9D0D1001BF95F /* Build configuration list for PBXNativeTarget "SanGoUITests" */;
			buildPhases = (
				13C37DEB2DF9D0D1001BF95F /* Sources */,
				13C37DEC2DF9D0D1001BF95F /* Frameworks */,
				13C37DED2DF9D0D1001BF95F /* Resources */,
			);
			buildRules = (
			);
			dependencies = (
				13C37DF12DF9D0D1001BF95F /* PBXTargetDependency */,
			);
			fileSystemSynchronizedGroups = (
				13C37DF22DF9D0D1001BF95F /* SanGoUITests */,
			);
			name = SanGoUITests;
			packageProductDependencies = (
			);
			productName = SanGoUITests;
			productReference = 13C37DEF2DF9D0D1001BF95F /* SanGoUITests.xctest */;
			productType = "com.apple.product-type.bundle.ui-testing";
		};
/* End PBXNativeTarget section */

/* Begin PBXProject section */
		13C37DCE2DF9D0D0001BF95F /* Project object */ = {
			isa = PBXProject;
			attributes = {
				BuildIndependentTargetsInParallel = 1;
				LastSwiftUpdateCheck = 1640;
				LastUpgradeCheck = 1640;
				TargetAttributes = {
					13C37DD52DF9D0D0001BF95F = {
						CreatedOnToolsVersion = 16.4;
					};
					13C37DE42DF9D0D1001BF95F = {
						CreatedOnToolsVersion = 16.4;
						TestTargetID = 13C37DD52DF9D0D0001BF95F;
					};
					13C37DEE2DF9D0D1001BF95F = {
						CreatedOnToolsVersion = 16.4;
						TestTargetID = 13C37DD52DF9D0D0001BF95F;
					};
				};
			};
			buildConfigurationList = 13C37DD12DF9D0D0001BF95F /* Build configuration list for PBXProject "SanGo" */;
			developmentRegion = en;
			hasScannedForEncodings = 0;
			knownRegions = (
				en,
				Base,
			);
			mainGroup = 13C37DCD2DF9D0D0001BF95F;
			minimizedProjectReferenceProxies = 1;
			preferredProjectObjectVersion = 77;
			productRefGroup = 13C37DD72DF9D0D0001BF95F /* Products */;
			projectDirPath = "";
			projectRoot = "";
			targets = (
				13C37DD52DF9D0D0001BF95F /* SanGo */,
				13C37DE42DF9D0D1001BF95F /* SanGoTests */,
				13C37DEE2DF9D0D1001BF95F /* SanGoUITests */,
			);
		};
/* End PBXProject section */

/* Begin PBXResourcesBuildPhase section */
		13C37DD42DF9D0D0001BF95F /* Resources */ = {
			isa = PBXResourcesBuildPhase;
			buildActionMask = 2147483647;
			files = (
			);
			runOnlyForDeploymentPostprocessing = 0;
		};
		13C37DE32DF9D0D1001BF95F /* Resources */ = {
			isa = PBXResourcesBuildPhase;
			buildActionMask = 2147483647;
			files = (
			);
			runOnlyForDeploymentPostprocessing = 0;
		};
		13C37DED2DF9D0D1001BF95F /* Resources */ = {
			isa = PBXResourcesBuildPhase;
			buildActionMask = 2147483647;
			files = (
			);
			runOnlyForDeploymentPostprocessing = 0;
		};
/* End PBXResourcesBuildPhase section */

/* Begin PBXSourcesBuildPhase section */
		13C37DD22DF9D0D0001BF95F /* Sources */ = {
			isa = PBXSourcesBuildPhase;
			buildActionMask = 2147483647;
			files = (
			);
			runOnlyForDeploymentPostprocessing = 0;
		};
		13C37DE12DF9D0D1001BF95F /* Sources */ = {
			isa = PBXSourcesBuildPhase;
			buildActionMask = 2147483647;
			files = (
			);
			runOnlyForDeploymentPostprocessing = 0;
		};
		13C37DEB2DF9D0D1001BF95F /* Sources */ = {
			isa = PBXSourcesBuildPhase;
			buildActionMask = 2147483647;
			files = (
			);
			runOnlyForDeploymentPostprocessing = 0;
		};
/* End PBXSourcesBuildPhase section */

/* Begin PBXTargetDependency section */
		13C37DE72DF9D0D1001BF95F /* PBXTargetDependency */ = {
			isa = PBXTargetDependency;
			target = 13C37DD52DF9D0D0001BF95F /* SanGo */;
			targetProxy = 13C37DE62DF9D0D1001BF95F /* PBXContainerItemProxy */;
		};
		13C37DF12DF9D0D1001BF95F /* PBXTargetDependency */ = {
			isa = PBXTargetDependency;
			target = 13C37DD52DF9D0D0001BF95F /* SanGo */;
			targetProxy = 13C37DF02DF9D0D1001BF95F /* PBXContainerItemProxy */;
		};
/* End PBXTargetDependency section */

/* Begin XCBuildConfiguration section */
		13C37DF72DF9D0D1001BF95F /* Debug */ = {
			isa = XCBuildConfiguration;
			buildSettings = {
				ALWAYS_SEARCH_USER_PATHS = NO;
				ASSETCATALOG_COMPILER_GENERATE_SWIFT_ASSET_SYMBOL_EXTENSIONS = YES;
				CLANG_ANALYZER_NONNULL = YES;
				CLANG_ANALYZER_NUMBER_OBJECT_CONVERSION = YES_AGGRESSIVE;
				CLANG_CXX_LANGUAGE_STANDARD = "gnu++20";
				CLANG_ENABLE_MODULES = YES;
				CLANG_ENABLE_OBJC_ARC = YES;
				CLANG_ENABLE_OBJC_WEAK = YES;
				CLANG_WARN_BLOCK_CAPTURE_AUTORELEASING = YES;
				CLANG_WARN_BOOL_CONVERSION = YES;
				CLANG_WARN_COMMA = YES;
				CLANG_WARN_CONSTANT_CONVERSION = YES;
				CLANG_WARN_DEPRECATED_OBJC_IMPLEMENTATIONS = YES;
				CLANG_WARN_DIRECT_OBJC_ISA_USAGE = YES_ERROR;
				CLANG_WARN_DOCUMENTATION_COMMENTS = YES;
				CLANG_WARN_EMPTY_BODY = YES;
				CLANG_WARN_ENUM_CONVERSION = YES;
				CLANG_WARN_INFINITE_RECURSION = YES;
				CLANG_WARN_INT_CONVERSION = YES;
				CLANG_WARN_NON_LITERAL_NULL_CONVERSION = YES;
				CLANG_WARN_OBJC_IMPLICIT_RETAIN_SELF = YES;
				CLANG_WARN_OBJC_LITERAL_CONVERSION = YES;
				CLANG_WARN_OBJC_ROOT_CLASS = YES_ERROR;
				CLANG_WARN_QUOTED_INCLUDE_IN_FRAMEWORK_HEADER = YES;
				CLANG_WARN_RANGE_LOOP_ANALYSIS = YES;
				CLANG_WARN_STRICT_PROTOTYPES = YES;
				CLANG_WARN_SUSPICIOUS_MOVE = YES;
				CLANG_WARN_UNGUARDED_AVAILABILITY = YES_AGGRESSIVE;
				CLANG_WARN_UNREACHABLE_CODE = YES;
				CLANG_WARN__DUPLICATE_METHOD_MATCH = YES;
				COPY_PHASE_STRIP = NO;
				DEBUG_INFORMATION_FORMAT = dwarf;
				ENABLE_STRICT_OBJC_MSGSEND = YES;
				ENABLE_TESTABILITY = YES;
				ENABLE_USER_SCRIPT_SANDBOXING = YES;
				GCC_C_LANGUAGE_STANDARD = gnu17;
				GCC_DYNAMIC_NO_PIC = NO;
				GCC_NO_COMMON_BLOCKS = YES;
				GCC_OPTIMIZATION_LEVEL = 0;
				GCC_PREPROCESSOR_DEFINITIONS = (
					"DEBUG=1",
					"$(inherited)",
				);
				GCC_WARN_64_TO_32_BIT_CONVERSION = YES;
				GCC_WARN_ABOUT_RETURN_TYPE = YES_ERROR;
				GCC_WARN_UNDECLARED_SELECTOR = YES;
				GCC_WARN_UNINITIALIZED_AUTOS = YES_AGGRESSIVE;
				GCC_WARN_UNUSED_FUNCTION = YES;
				GCC_WARN_UNUSED_VARIABLE = YES;
				IPHONEOS_DEPLOYMENT_TARGET = 18.5;
				LOCALIZATION_PREFERS_STRING_CATALOGS = YES;
				MTL_ENABLE_DEBUG_INFO = INCLUDE_SOURCE;
				MTL_FAST_MATH = YES;
				ONLY_ACTIVE_ARCH = YES;
				SDKROOT = iphoneos;
				SWIFT_ACTIVE_COMPILATION_CONDITIONS = "DEBUG $(inherited)";
				SWIFT_OPTIMIZATION_LEVEL = "-Onone";
			};
			name = Debug;
		};
		13C37DF82DF9D0D1001BF95F /* Release */ = {
			isa = XCBuildConfiguration;
			buildSettings = {
				ALWAYS_SEARCH_USER_PATHS = NO;
				ASSETCATALOG_COMPILER_GENERATE_SWIFT_ASSET_SYMBOL_EXTENSIONS = YES;
				CLANG_ANALYZER_NONNULL = YES;
				CLANG_ANALYZER_NUMBER_OBJECT_CONVERSION = YES_AGGRESSIVE;
				CLANG_CXX_LANGUAGE_STANDARD = "gnu++20";
				CLANG_ENABLE_MODULES = YES;
				CLANG_ENABLE_OBJC_ARC = YES;
				CLANG_ENABLE_OBJC_WEAK = YES;
				CLANG_WARN_BLOCK_CAPTURE_AUTORELEASING = YES;
				CLANG_WARN_BOOL_CONVERSION = YES;
				CLANG_WARN_COMMA = YES;
				CLANG_WARN_CONSTANT_CONVERSION = YES;
				CLANG_WARN_DEPRECATED_OBJC_IMPLEMENTATIONS = YES;
				CLANG_WARN_DIRECT_OBJC_ISA_USAGE = YES_ERROR;
				CLANG_WARN_DOCUMENTATION_COMMENTS = YES;
				CLANG_WARN_EMPTY_BODY = YES;
				CLANG_WARN_ENUM_CONVERSION = YES;
				CLANG_WARN_INFINITE_RECURSION = YES;
				CLANG_WARN_INT_CONVERSION = YES;
				CLANG_WARN_NON_LITERAL_NULL_CONVERSION = YES;
				CLANG_WARN_OBJC_IMPLICIT_RETAIN_SELF = YES;
				CLANG_WARN_OBJC_LITERAL_CONVERSION = YES;
				CLANG_WARN_OBJC_ROOT_CLASS = YES_ERROR;
				CLANG_WARN_QUOTED_INCLUDE_IN_FRAMEWORK_HEADER = YES;
				CLANG_WARN_RANGE_LOOP_ANALYSIS = YES;
				CLANG_WARN_STRICT_PROTOTYPES = YES;
				CLANG_WARN_SUSPICIOUS_MOVE = YES;
				CLANG_WARN_UNGUARDED_AVAILABILITY = YES_AGGRESSIVE;
				CLANG_WARN_UNREACHABLE_CODE = YES;
				CLANG_WARN__DUPLICATE_METHOD_MATCH = YES;
				COPY_PHASE_STRIP = NO;
				DEBUG_INFORMATION_FORMAT = "dwarf-with-dsym";
				ENABLE_NS_ASSERTIONS = NO;
				ENABLE_STRICT_OBJC_MSGSEND = YES;
				ENABLE_USER_SCRIPT_SANDBOXING = YES;
				GCC_C_LANGUAGE_STANDARD = gnu17;
				GCC_NO_COMMON_BLOCKS = YES;
				GCC_WARN_64_TO_32_BIT_CONVERSION = YES;
				GCC_WARN_ABOUT_RETURN_TYPE = YES_ERROR;
				GCC_WARN_UNDECLARED_SELECTOR = YES;
				GCC_WARN_UNINITIALIZED_AUTOS = YES_AGGRESSIVE;
				GCC_WARN_UNUSED_FUNCTION = YES;
				GCC_WARN_UNUSED_VARIABLE = YES;
				IPHONEOS_DEPLOYMENT_TARGET = 18.5;
				LOCALIZATION_PREFERS_STRING_CATALOGS = YES;
				MTL_ENABLE_DEBUG_INFO = NO;
				MTL_FAST_MATH = YES;
				SDKROOT = iphoneos;
				SWIFT_COMPILATION_MODE = wholemodule;
				VALIDATE_PRODUCT = YES;
			};
			name = Release;
		};
		13C37DFA2DF9D0D1001BF95F /* Debug */ = {
			isa = XCBuildConfiguration;
			buildSettings = {
				ASSETCATALOG_COMPILER_APPICON_NAME = AppIcon;
				ASSETCATALOG_COMPILER_GLOBAL_ACCENT_COLOR_NAME = AccentColor;
				CODE_SIGN_STYLE = Automatic;
				CURRENT_PROJECT_VERSION = 1;
				DEVELOPMENT_TEAM = 5XAK8J5JQU;
				ENABLE_PREVIEWS = YES;
				GENERATE_INFOPLIST_FILE = YES;
				INFOPLIST_KEY_UIApplicationSceneManifest_Generation = YES;
				INFOPLIST_KEY_UIApplicationSupportsIndirectInputEvents = YES;
				INFOPLIST_KEY_UILaunchScreen_Generation = YES;
				INFOPLIST_KEY_UISupportedInterfaceOrientations_iPad = "UIInterfaceOrientationPortrait UIInterfaceOrientationPortraitUpsideDown UIInterfaceOrientationLandscapeLeft UIInterfaceOrientationLandscapeRight";
				INFOPLIST_KEY_UISupportedInterfaceOrientations_iPhone = "UIInterfaceOrientationPortrait UIInterfaceOrientationLandscapeLeft UIInterfaceOrientationLandscapeRight";
				LD_RUNPATH_SEARCH_PATHS = (
					"$(inherited)",
					"@executable_path/Frameworks",
				);
				MARKETING_VERSION = 1.0;
				PRODUCT_BUNDLE_IDENTIFIER = huynhlq.dev.app.SanGo;
				PRODUCT_NAME = "$(TARGET_NAME)";
				SWIFT_ACTIVE_COMPILATION_CONDITIONS = "DEBUG $(inherited) STUB";
				SWIFT_EMIT_LOC_STRINGS = YES;
				SWIFT_VERSION = 5.0;
				TARGETED_DEVICE_FAMILY = "1,2";
			};
			name = Debug;
		};
		13C37DFB2DF9D0D1001BF95F /* Release */ = {
			isa = XCBuildConfiguration;
			buildSettings = {
				ASSETCATALOG_COMPILER_APPICON_NAME = AppIcon;
				ASSETCATALOG_COMPILER_GLOBAL_ACCENT_COLOR_NAME = AccentColor;
				CODE_SIGN_STYLE = Automatic;
				CURRENT_PROJECT_VERSION = 1;
				DEVELOPMENT_TEAM = 5XAK8J5JQU;
				ENABLE_PREVIEWS = YES;
				GENERATE_INFOPLIST_FILE = YES;
				INFOPLIST_KEY_UIApplicationSceneManifest_Generation = YES;
				INFOPLIST_KEY_UIApplicationSupportsIndirectInputEvents = YES;
				INFOPLIST_KEY_UILaunchScreen_Generation = YES;
				INFOPLIST_KEY_UISupportedInterfaceOrientations_iPad = "UIInterfaceOrientationPortrait UIInterfaceOrientationPortraitUpsideDown UIInterfaceOrientationLandscapeLeft UIInterfaceOrientationLandscapeRight";
				INFOPLIST_KEY_UISupportedInterfaceOrientations_iPhone = "UIInterfaceOrientationPortrait UIInterfaceOrientationLandscapeLeft UIInterfaceOrientationLandscapeRight";
				LD_RUNPATH_SEARCH_PATHS = (
					"$(inherited)",
					"@executable_path/Frameworks",
				);
				MARKETING_VERSION = 1.0;
				PRODUCT_BUNDLE_IDENTIFIER = huynhlq.dev.app.SanGo;
				PRODUCT_NAME = "$(TARGET_NAME)";
				SWIFT_EMIT_LOC_STRINGS = YES;
				SWIFT_VERSION = 5.0;
				TARGETED_DEVICE_FAMILY = "1,2";
			};
			name = Release;
		};
		13C37DFD2DF9D0D1001BF95F /* Debug */ = {
			isa = XCBuildConfiguration;
			buildSettings = {
				BUNDLE_LOADER = "$(TEST_HOST)";
				CODE_SIGN_STYLE = Automatic;
				CURRENT_PROJECT_VERSION = 1;
				GENERATE_INFOPLIST_FILE = YES;
				IPHONEOS_DEPLOYMENT_TARGET = 18.5;
				MARKETING_VERSION = 1.0;
				PRODUCT_BUNDLE_IDENTIFIER = huynhlq.dev.app.SanGoTests;
				PRODUCT_NAME = "$(TARGET_NAME)";
				SWIFT_EMIT_LOC_STRINGS = NO;
				SWIFT_VERSION = 5.0;
				TARGETED_DEVICE_FAMILY = "1,2";
				TEST_HOST = "$(BUILT_PRODUCTS_DIR)/SanGo.app/$(BUNDLE_EXECUTABLE_FOLDER_PATH)/SanGo";
			};
			name = Debug;
		};
		13C37DFE2DF9D0D1001BF95F /* Release */ = {
			isa = XCBuildConfiguration;
			buildSettings = {
				BUNDLE_LOADER = "$(TEST_HOST)";
				CODE_SIGN_STYLE = Automatic;
				CURRENT_PROJECT_VERSION = 1;
				GENERATE_INFOPLIST_FILE = YES;
				IPHONEOS_DEPLOYMENT_TARGET = 18.5;
				MARKETING_VERSION = 1.0;
				PRODUCT_BUNDLE_IDENTIFIER = huynhlq.dev.app.SanGoTests;
				PRODUCT_NAME = "$(TARGET_NAME)";
				SWIFT_EMIT_LOC_STRINGS = NO;
				SWIFT_VERSION = 5.0;
				TARGETED_DEVICE_FAMILY = "1,2";
				TEST_HOST = "$(BUILT_PRODUCTS_DIR)/SanGo.app/$(BUNDLE_EXECUTABLE_FOLDER_PATH)/SanGo";
			};
			name = Release;
		};
		13C37E002DF9D0D1001BF95F /* Debug */ = {
			isa = XCBuildConfiguration;
			buildSettings = {
				CODE_SIGN_STYLE = Automatic;
				CURRENT_PROJECT_VERSION = 1;
				GENERATE_INFOPLIST_FILE = YES;
				MARKETING_VERSION = 1.0;
				PRODUCT_BUNDLE_IDENTIFIER = huynhlq.dev.app.SanGoUITests;
				PRODUCT_NAME = "$(TARGET_NAME)";
				SWIFT_EMIT_LOC_STRINGS = NO;
				SWIFT_VERSION = 5.0;
				TARGETED_DEVICE_FAMILY = "1,2";
				TEST_TARGET_NAME = SanGo;
			};
			name = Debug;
		};
		13C37E012DF9D0D1001BF95F /* Release */ = {
			isa = XCBuildConfiguration;
			buildSettings = {
				CODE_SIGN_STYLE = Automatic;
				CURRENT_PROJECT_VERSION = 1;
				GENERATE_INFOPLIST_FILE = YES;
				MARKETING_VERSION = 1.0;
				PRODUCT_BUNDLE_IDENTIFIER = huynhlq.dev.app.SanGoUITests;
				PRODUCT_NAME = "$(TARGET_NAME)";
				SWIFT_EMIT_LOC_STRINGS = NO;
				SWIFT_VERSION = 5.0;
				TARGETED_DEVICE_FAMILY = "1,2";
				TEST_TARGET_NAME = SanGo;
			};
			name = Release;
		};
/* End XCBuildConfiguration section */

/* Begin XCConfigurationList section */
		13C37DD12DF9D0D0001BF95F /* Build configuration list for PBXProject "SanGo" */ = {
			isa = XCConfigurationList;
			buildConfigurations = (
				13C37DF72DF9D0D1001BF95F /* Debug */,
				13C37DF82DF9D0D1001BF95F /* Release */,
			);
			defaultConfigurationIsVisible = 0;
			defaultConfigurationName = Release;
		};
		13C37DF92DF9D0D1001BF95F /* Build configuration list for PBXNativeTarget "SanGo" */ = {
			isa = XCConfigurationList;
			buildConfigurations = (
				13C37DFA2DF9D0D1001BF95F /* Debug */,
				13C37DFB2DF9D0D1001BF95F /* Release */,
			);
			defaultConfigurationIsVisible = 0;
			defaultConfigurationName = Release;
		};
		13C37DFC2DF9D0D1001BF95F /* Build configuration list for PBXNativeTarget "SanGoTests" */ = {
			isa = XCConfigurationList;
			buildConfigurations = (
				13C37DFD2DF9D0D1001BF95F /* Debug */,
				13C37DFE2DF9D0D1001BF95F /* Release */,
			);
			defaultConfigurationIsVisible = 0;
			defaultConfigurationName = Release;
		};
		13C37DFF2DF9D0D1001BF95F /* Build configuration list for PBXNativeTarget "SanGoUITests" */ = {
			isa = XCConfigurationList;
			buildConfigurations = (
				13C37E002DF9D0D1001BF95F /* Debug */,
				13C37E012DF9D0D1001BF95F /* Release */,
			);
			defaultConfigurationIsVisible = 0;
			defaultConfigurationName = Release;
		};
/* End XCConfigurationList section */
	};
	rootObject = 13C37DCE2DF9D0D0001BF95F /* Project object */;
}
